// !$*UTF8*$!
{
	archiveVersion = 1;
	classes = {
	};
	objectVersion = 46;
	objects = {

/* Begin PBXBuildFile section */
		F8798D0A19BDF55000C43323 /* Foundation.framework in Frameworks */ = {isa = PBXBuildFile; fileRef = F8798D0919BDF55000C43323 /* Foundation.framework */; };
		F8798D0C19BDF55000C43323 /* CoreGraphics.framework in Frameworks */ = {isa = PBXBuildFile; fileRef = F8798D0B19BDF55000C43323 /* CoreGraphics.framework */; };
		F8798D0E19BDF55000C43323 /* UIKit.framework in Frameworks */ = {isa = PBXBuildFile; fileRef = F8798D0D19BDF55000C43323 /* UIKit.framework */; };
		F8798D1419BDF55000C43323 /* InfoPlist.strings in Resources */ = {isa = PBXBuildFile; fileRef = F8798D1219BDF55000C43323 /* InfoPlist.strings */; };
		F8798D1619BDF55000C43323 /* main.m in Sources */ = {isa = PBXBuildFile; fileRef = F8798D1519BDF55000C43323 /* main.m */; };
		F8798D1A19BDF55000C43323 /* AppDelegate.m in Sources */ = {isa = PBXBuildFile; fileRef = F8798D1919BDF55000C43323 /* AppDelegate.m */; };
		F8798D1D19BDF55000C43323 /* Main.storyboard in Resources */ = {isa = PBXBuildFile; fileRef = F8798D1B19BDF55000C43323 /* Main.storyboard */; };
		F8798D2019BDF55000C43323 /* ViewController.m in Sources */ = {isa = PBXBuildFile; fileRef = F8798D1F19BDF55000C43323 /* ViewController.m */; };
		F8798D2219BDF55000C43323 /* Images.xcassets in Resources */ = {isa = PBXBuildFile; fileRef = F8798D2119BDF55000C43323 /* Images.xcassets */; };
		F8798D2919BDF55000C43323 /* XCTest.framework in Frameworks */ = {isa = PBXBuildFile; fileRef = F8798D2819BDF55000C43323 /* XCTest.framework */; };
		F8798D2A19BDF55000C43323 /* Foundation.framework in Frameworks */ = {isa = PBXBuildFile; fileRef = F8798D0919BDF55000C43323 /* Foundation.framework */; };
		F8798D2B19BDF55000C43323 /* UIKit.framework in Frameworks */ = {isa = PBXBuildFile; fileRef = F8798D0D19BDF55000C43323 /* UIKit.framework */; };
		F8798D3319BDF55000C43323 /* InfoPlist.strings in Resources */ = {isa = PBXBuildFile; fileRef = F8798D3119BDF55000C43323 /* InfoPlist.strings */; };
		F8798D3519BDF55000C43323 /* CamaraTests.m in Sources */ = {isa = PBXBuildFile; fileRef = F8798D3419BDF55000C43323 /* CamaraTests.m */; };
/* End PBXBuildFile section */

/* Begin PBXContainerItemProxy section */
		F8798D2C19BDF55000C43323 /* PBXContainerItemProxy */ = {
			isa = PBXContainerItemProxy;
			containerPortal = F8798CFE19BDF55000C43323 /* Project object */;
			proxyType = 1;
			remoteGlobalIDString = F8798D0519BDF55000C43323;
			remoteInfo = Camara;
		};
/* End PBXContainerItemProxy section */

/* Begin PBXFileReference section */
		F8798D0619BDF55000C43323 /* Camara.app */ = {isa = PBXFileReference; explicitFileType = wrapper.application; includeInIndex = 0; path = Camara.app; sourceTree = BUILT_PRODUCTS_DIR; };
		F8798D0919BDF55000C43323 /* Foundation.framework */ = {isa = PBXFileReference; lastKnownFileType = wrapper.framework; name = Foundation.framework; path = System/Library/Frameworks/Foundation.framework; sourceTree = SDKROOT; };
		F8798D0B19BDF55000C43323 /* CoreGraphics.framework */ = {isa = PBXFileReference; lastKnownFileType = wrapper.framework; name = CoreGraphics.framework; path = System/Library/Frameworks/CoreGraphics.framework; sourceTree = SDKROOT; };
		F8798D0D19BDF55000C43323 /* UIKit.framework */ = {isa = PBXFileReference; lastKnownFileType = wrapper.framework; name = UIKit.framework; path = System/Library/Frameworks/UIKit.framework; sourceTree = SDKROOT; };
		F8798D1119BDF55000C43323 /* Camara-Info.plist */ = {isa = PBXFileReference; lastKnownFileType = text.plist.xml; path = "Camara-Info.plist"; sourceTree = "<group>"; };
		F8798D1319BDF55000C43323 /* en */ = {isa = PBXFileReference; lastKnownFileType = text.plist.strings; name = en; path = en.lproj/InfoPlist.strings; sourceTree = "<group>"; };
		F8798D1519BDF55000C43323 /* main.m */ = {isa = PBXFileReference; lastKnownFileType = sourcecode.c.objc; path = main.m; sourceTree = "<group>"; };
		F8798D1719BDF55000C43323 /* Camara-Prefix.pch */ = {isa = PBXFileReference; lastKnownFileType = sourcecode.c.h; path = "Camara-Prefix.pch"; sourceTree = "<group>"; };
		F8798D1819BDF55000C43323 /* AppDelegate.h */ = {isa = PBXFileReference; lastKnownFileType = sourcecode.c.h; path = AppDelegate.h; sourceTree = "<group>"; };
		F8798D1919BDF55000C43323 /* AppDelegate.m */ = {isa = PBXFileReference; lastKnownFileType = sourcecode.c.objc; path = AppDelegate.m; sourceTree = "<group>"; };
		F8798D1C19BDF55000C43323 /* Base */ = {isa = PBXFileReference; lastKnownFileType = file.storyboard; name = Base; path = Base.lproj/Main.storyboard; sourceTree = "<group>"; };
		F8798D1E19BDF55000C43323 /* ViewController.h */ = {isa = PBXFileReference; lastKnownFileType = sourcecode.c.h; path = ViewController.h; sourceTree = "<group>"; };
		F8798D1F19BDF55000C43323 /* ViewController.m */ = {isa = PBXFileReference; lastKnownFileType = sourcecode.c.objc; path = ViewController.m; sourceTree = "<group>"; };
		F8798D2119BDF55000C43323 /* Images.xcassets */ = {isa = PBXFileReference; lastKnownFileType = folder.assetcatalog; path = Images.xcassets; sourceTree = "<group>"; };
		F8798D2719BDF55000C43323 /* CamaraTests.xctest */ = {isa = PBXFileReference; explicitFileType = wrapper.cfbundle; includeInIndex = 0; path = CamaraTests.xctest; sourceTree = BUILT_PRODUCTS_DIR; };
		F8798D2819BDF55000C43323 /* XCTest.framework */ = {isa = PBXFileReference; lastKnownFileType = wrapper.framework; name = XCTest.framework; path = Library/Frameworks/XCTest.framework; sourceTree = DEVELOPER_DIR; };
		F8798D3019BDF55000C43323 /* CamaraTests-Info.plist */ = {isa = PBXFileReference; lastKnownFileType = text.plist.xml; path = "CamaraTests-Info.plist"; sourceTree = "<group>"; };
		F8798D3219BDF55000C43323 /* en */ = {isa = PBXFileReference; lastKnownFileType = text.plist.strings; name = en; path = en.lproj/InfoPlist.strings; sourceTree = "<group>"; };
		F8798D3419BDF55000C43323 /* CamaraTests.m */ = {isa = PBXFileReference; lastKnownFileType = sourcecode.c.objc; path = CamaraTests.m; sourceTree = "<group>"; };
/* End PBXFileReference section */

/* Begin PBXFrameworksBuildPhase section */
		F8798D0319BDF55000C43323 /* Frameworks */ = {
			isa = PBXFrameworksBuildPhase;
			buildActionMask = 2147483647;
			files = (
				F8798D0C19BDF55000C43323 /* CoreGraphics.framework in Frameworks */,
				F8798D0E19BDF55000C43323 /* UIKit.framework in Frameworks */,
				F8798D0A19BDF55000C43323 /* Foundation.framework in Frameworks */,
			);
			runOnlyForDeploymentPostprocessing = 0;
		};
		F8798D2419BDF55000C43323 /* Frameworks */ = {
			isa = PBXFrameworksBuildPhase;
			buildActionMask = 2147483647;
			files = (
				F8798D2919BDF55000C43323 /* XCTest.framework in Frameworks */,
				F8798D2B19BDF55000C43323 /* UIKit.framework in Frameworks */,
				F8798D2A19BDF55000C43323 /* Foundation.framework in Frameworks */,
			);
			runOnlyForDeploymentPostprocessing = 0;
		};
/* End PBXFrameworksBuildPhase section */

/* Begin PBXGroup section */
		F8798CFD19BDF55000C43323 = {
			isa = PBXGroup;
			children = (
				F8798D0F19BDF55000C43323 /* Camara */,
				F8798D2E19BDF55000C43323 /* CamaraTests */,
				F8798D0819BDF55000C43323 /* Frameworks */,
				F8798D0719BDF55000C43323 /* Products */,
			);
			sourceTree = "<group>";
		};
		F8798D0719BDF55000C43323 /* Products */ = {
			isa = PBXGroup;
			children = (
				F8798D0619BDF55000C43323 /* Camara.app */,
				F8798D2719BDF55000C43323 /* CamaraTests.xctest */,
			);
			name = Products;
			sourceTree = "<group>";
		};
		F8798D0819BDF55000C43323 /* Frameworks */ = {
			isa = PBXGroup;
			children = (
				F8798D0919BDF55000C43323 /* Foundation.framework */,
				F8798D0B19BDF55000C43323 /* CoreGraphics.framework */,
				F8798D0D19BDF55000C43323 /* UIKit.framework */,
				F8798D2819BDF55000C43323 /* XCTest.framework */,
			);
			name = Frameworks;
			sourceTree = "<group>";
		};
		F8798D0F19BDF55000C43323 /* Camara */ = {
			isa = PBXGroup;
			children = (
				F8798D1819BDF55000C43323 /* AppDelegate.h */,
				F8798D1919BDF55000C43323 /* AppDelegate.m */,
				F8798D1B19BDF55000C43323 /* Main.storyboard */,
				F8798D1E19BDF55000C43323 /* ViewController.h */,
				F8798D1F19BDF55000C43323 /* ViewController.m */,
				F8798D2119BDF55000C43323 /* Images.xcassets */,
				F8798D1019BDF55000C43323 /* Supporting Files */,
			);
			path = Camara;
			sourceTree = "<group>";
		};
		F8798D1019BDF55000C43323 /* Supporting Files */ = {
			isa = PBXGroup;
			children = (
				F8798D1119BDF55000C43323 /* Camara-Info.plist */,
				F8798D1219BDF55000C43323 /* InfoPlist.strings */,
				F8798D1519BDF55000C43323 /* main.m */,
				F8798D1719BDF55000C43323 /* Camara-Prefix.pch */,
			);
			name = "Supporting Files";
			sourceTree = "<group>";
		};
		F8798D2E19BDF55000C43323 /* CamaraTests */ = {
			isa = PBXGroup;
			children = (
				F8798D3419BDF55000C43323 /* CamaraTests.m */,
				F8798D2F19BDF55000C43323 /* Supporting Files */,
			);
			path = CamaraTests;
			sourceTree = "<group>";
		};
		F8798D2F19BDF55000C43323 /* Supporting Files */ = {
			isa = PBXGroup;
			children = (
				F8798D3019BDF55000C43323 /* CamaraTests-Info.plist */,
				F8798D3119BDF55000C43323 /* InfoPlist.strings */,
			);
			name = "Supporting Files";
			sourceTree = "<group>";
		};
/* End PBXGroup section */

/* Begin PBXNativeTarget section */
		F8798D0519BDF55000C43323 /* Camara */ = {
			isa = PBXNativeTarget;
			buildConfigurationList = F8798D3819BDF55000C43323 /* Build configuration list for PBXNativeTarget "Camara" */;
			buildPhases = (
				F8798D0219BDF55000C43323 /* Sources */,
				F8798D0319BDF55000C43323 /* Frameworks */,
				F8798D0419BDF55000C43323 /* Resources */,
			);
			buildRules = (
			);
			dependencies = (
			);
			name = Camara;
			productName = Camara;
			productReference = F8798D0619BDF55000C43323 /* Camara.app */;
			productType = "com.apple.product-type.application";
		};
		F8798D2619BDF55000C43323 /* CamaraTests */ = {
			isa = PBXNativeTarget;
			buildConfigurationList = F8798D3B19BDF55000C43323 /* Build configuration list for PBXNativeTarget "CamaraTests" */;
			buildPhases = (
				F8798D2319BDF55000C43323 /* Sources */,
				F8798D2419BDF55000C43323 /* Frameworks */,
				F8798D2519BDF55000C43323 /* Resources */,
			);
			buildRules = (
			);
			dependencies = (
				F8798D2D19BDF55000C43323 /* PBXTargetDependency */,
			);
			name = CamaraTests;
			productName = CamaraTests;
			productReference = F8798D2719BDF55000C43323 /* CamaraTests.xctest */;
			productType = "com.apple.product-type.bundle.unit-test";
		};
/* End PBXNativeTarget section */

/* Begin PBXProject section */
		F8798CFE19BDF55000C43323 /* Project object */ = {
			isa = PBXProject;
			attributes = {
				LastUpgradeCheck = 0510;
				ORGANIZATIONNAME = Profesor;
				TargetAttributes = {
					F8798D2619BDF55000C43323 = {
						TestTargetID = F8798D0519BDF55000C43323;
					};
				};
			};
			buildConfigurationList = F8798D0119BDF55000C43323 /* Build configuration list for PBXProject "Camara" */;
			compatibilityVersion = "Xcode 3.2";
			developmentRegion = English;
			hasScannedForEncodings = 0;
			knownRegions = (
				en,
				Base,
			);
			mainGroup = F8798CFD19BDF55000C43323;
			productRefGroup = F8798D0719BDF55000C43323 /* Products */;
			projectDirPath = "";
			projectRoot = "";
			targets = (
				F8798D0519BDF55000C43323 /* Camara */,
				F8798D2619BDF55000C43323 /* CamaraTests */,
			);
		};
/* End PBXProject section */

/* Begin PBXResourcesBuildPhase section */
		F8798D0419BDF55000C43323 /* Resources */ = {
			isa = PBXResourcesBuildPhase;
			buildActionMask = 2147483647;
			files = (
				F8798D2219BDF55000C43323 /* Images.xcassets in Resources */,
				F8798D1419BDF55000C43323 /* InfoPlist.strings in Resources */,
				F8798D1D19BDF55000C43323 /* Main.storyboard in Resources */,
			);
			runOnlyForDeploymentPostprocessing = 0;
		};
		F8798D2519BDF55000C43323 /* Resources */ = {
			isa = PBXResourcesBuildPhase;
			buildActionMask = 2147483647;
			files = (
				F8798D3319BDF55000C43323 /* InfoPlist.strings in Resources */,
			);
			runOnlyForDeploymentPostprocessing = 0;
		};
/* End PBXResourcesBuildPhase section */

/* Begin PBXSourcesBuildPhase section */
		F8798D0219BDF55000C43323 /* Sources */ = {
			isa = PBXSourcesBuildPhase;
			buildActionMask = 2147483647;
			files = (
				F8798D2019BDF55000C43323 /* ViewController.m in Sources */,
				F8798D1A19BDF55000C43323 /* AppDelegate.m in Sources */,
				F8798D1619BDF55000C43323 /* main.m in Sources */,
			);
			runOnlyForDeploymentPostprocessing = 0;
		};
		F8798D2319BDF55000C43323 /* Sources */ = {
			isa = PBXSourcesBuildPhase;
			buildActionMask = 2147483647;
			files = (
				F8798D3519BDF55000C43323 /* CamaraTests.m in Sources */,
			);
			runOnlyForDeploymentPostprocessing = 0;
		};
/* End PBXSourcesBuildPhase section */

/* Begin PBXTargetDependency section */
		F8798D2D19BDF55000C43323 /* PBXTargetDependency */ = {
			isa = PBXTargetDependency;
			target = F8798D0519BDF55000C43323 /* Camara */;
			targetProxy = F8798D2C19BDF55000C43323 /* PBXContainerItemProxy */;
		};
/* End PBXTargetDependency section */

/* Begin PBXVariantGroup section */
		F8798D1219BDF55000C43323 /* InfoPlist.strings */ = {
			isa = PBXVariantGroup;
			children = (
				F8798D1319BDF55000C43323 /* en */,
			);
			name = InfoPlist.strings;
			sourceTree = "<group>";
		};
		F8798D1B19BDF55000C43323 /* Main.storyboard */ = {
			isa = PBXVariantGroup;
			children = (
				F8798D1C19BDF55000C43323 /* Base */,
			);
			name = Main.storyboard;
			sourceTree = "<group>";
		};
		F8798D3119BDF55000C43323 /* InfoPlist.strings */ = {
			isa = PBXVariantGroup;
			children = (
				F8798D3219BDF55000C43323 /* en */,
			);
			name = InfoPlist.strings;
			sourceTree = "<group>";
		};
/* End PBXVariantGroup section */

/* Begin XCBuildConfiguration section */
		F8798D3619BDF55000C43323 /* Debug */ = {
			isa = XCBuildConfiguration;
			buildSettings = {
				ALWAYS_SEARCH_USER_PATHS = NO;
				CLANG_CXX_LANGUAGE_STANDARD = "gnu++0x";
				CLANG_CXX_LIBRARY = "libc++";
				CLANG_ENABLE_MODULES = YES;
				CLANG_ENABLE_OBJC_ARC = YES;
				CLANG_WARN_BOOL_CONVERSION = YES;
				CLANG_WARN_CONSTANT_CONVERSION = YES;
				CLANG_WARN_DIRECT_OBJC_ISA_USAGE = YES_ERROR;
				CLANG_WARN_EMPTY_BODY = YES;
				CLANG_WARN_ENUM_CONVERSION = YES;
				CLANG_WARN_INT_CONVERSION = YES;
				CLANG_WARN_OBJC_ROOT_CLASS = YES_ERROR;
				CLANG_WARN__DUPLICATE_METHOD_MATCH = YES;
				"CODE_SIGN_IDENTITY[sdk=iphoneos*]" = "iPhone Developer";
				COPY_PHASE_STRIP = NO;
				GCC_C_LANGUAGE_STANDARD = gnu99;
				GCC_DYNAMIC_NO_PIC = NO;
				GCC_OPTIMIZATION_LEVEL = 0;
				GCC_PREPROCESSOR_DEFINITIONS = (
					"DEBUG=1",
					"$(inherited)",
				);
				GCC_SYMBOLS_PRIVATE_EXTERN = NO;
				GCC_WARN_64_TO_32_BIT_CONVERSION = YES;
				GCC_WARN_ABOUT_RETURN_TYPE = YES_ERROR;
				GCC_WARN_UNDECLARED_SELECTOR = YES;
				GCC_WARN_UNINITIALIZED_AUTOS = YES_AGGRESSIVE;
				GCC_WARN_UNUSED_FUNCTION = YES;
				GCC_WARN_UNUSED_VARIABLE = YES;
				IPHONEOS_DEPLOYMENT_TARGET = 7.1;
				ONLY_ACTIVE_ARCH = YES;
				SDKROOT = iphoneos;
			};
			name = Debug;
		};
		F8798D3719BDF55000C43323 /* Release */ = {
			isa = XCBuildConfiguration;
			buildSettings = {
				ALWAYS_SEARCH_USER_PATHS = NO;
				CLANG_CXX_LANGUAGE_STANDARD = "gnu++0x";
				CLANG_CXX_LIBRARY = "libc++";
				CLANG_ENABLE_MODULES = YES;
				CLANG_ENABLE_OBJC_ARC = YES;
				CLANG_WARN_BOOL_CONVERSION = YES;
				CLANG_WARN_CONSTANT_CONVERSION = YES;
				CLANG_WARN_DIRECT_OBJC_ISA_USAGE = YES_ERROR;
				CLANG_WARN_EMPTY_BODY = YES;
				CLANG_WARN_ENUM_CONVERSION = YES;
				CLANG_WARN_INT_CONVERSION = YES;
				CLANG_WARN_OBJC_ROOT_CLASS = YES_ERROR;
				CLANG_WARN__DUPLICATE_METHOD_MATCH = YES;
				"CODE_SIGN_IDENTITY[sdk=iphoneos*]" = "iPhone Developer";
				COPY_PHASE_STRIP = YES;
				ENABLE_NS_ASSERTIONS = NO;
				GCC_C_LANGUAGE_STANDARD = gnu99;
				GCC_WARN_64_TO_32_BIT_CONVERSION = YES;
				GCC_WARN_ABOUT_RETURN_TYPE = YES_ERROR;
				GCC_WARN_UNDECLARED_SELECTOR = YES;
				GCC_WARN_UNINITIALIZED_AUTOS = YES_AGGRESSIVE;
				GCC_WARN_UNUSED_FUNCTION = YES;
				GCC_WARN_UNUSED_VARIABLE = YES;
				IPHONEOS_DEPLOYMENT_TARGET = 7.1;
				SDKROOT = iphoneos;
				VALIDATE_PRODUCT = YES;
			};
			name = Release;
		};
		F8798D3919BDF55000C43323 /* Debug */ = {
			isa = XCBuildConfiguration;
			buildSettings = {
				ASSETCATALOG_COMPILER_APPICON_NAME = AppIcon;
				ASSETCATALOG_COMPILER_LAUNCHIMAGE_NAME = LaunchImage;
				GCC_PRECOMPILE_PREFIX_HEADER = YES;
				GCC_PREFIX_HEADER = "Camara/Camara-Prefix.pch";
				INFOPLIST_FILE = "Camara/Camara-Info.plist";
				PRODUCT_NAME = "$(TARGET_NAME)";
				WRAPPER_EXTENSION = app;
			};
			name = Debug;
		};
		F8798D3A19BDF55000C43323 /* Release */ = {
			isa = XCBuildConfiguration;
			buildSettings = {
				ASSETCATALOG_COMPILER_APPICON_NAME = AppIcon;
				ASSETCATALOG_COMPILER_LAUNCHIMAGE_NAME = LaunchImage;
				GCC_PRECOMPILE_PREFIX_HEADER = YES;
				GCC_PREFIX_HEADER = "Camara/Camara-Prefix.pch";
				INFOPLIST_FILE = "Camara/Camara-Info.plist";
				PRODUCT_NAME = "$(TARGET_NAME)";
				WRAPPER_EXTENSION = app;
			};
			name = Release;
		};
		F8798D3C19BDF55000C43323 /* Debug */ = {
			isa = XCBuildConfiguration;
			buildSettings = {
				BUNDLE_LOADER = "$(BUILT_PRODUCTS_DIR)/Camara.app/Camara";
				FRAMEWORK_SEARCH_PATHS = (
					"$(SDKROOT)/Developer/Library/Frameworks",
					"$(inherited)",
					"$(DEVELOPER_FRAMEWORKS_DIR)",
				);
				GCC_PRECOMPILE_PREFIX_HEADER = YES;
				GCC_PREFIX_HEADER = "Camara/Camara-Prefix.pch";
				GCC_PREPROCESSOR_DEFINITIONS = (
					"DEBUG=1",
					"$(inherited)",
				);
				INFOPLIST_FILE = "CamaraTests/CamaraTests-Info.plist";
				PRODUCT_NAME = "$(TARGET_NAME)";
				TEST_HOST = "$(BUNDLE_LOADER)";
				WRAPPER_EXTENSION = xctest;
			};
			name = Debug;
		};
		F8798D3D19BDF55000C43323 /* Release */ = {
			isa = XCBuildConfiguration;
			buildSettings = {
				BUNDLE_LOADER = "$(BUILT_PRODUCTS_DIR)/Camara.app/Camara";
				FRAMEWORK_SEARCH_PATHS = (
					"$(SDKROOT)/Developer/Library/Frameworks",
					"$(inherited)",
					"$(DEVELOPER_FRAMEWORKS_DIR)",
				);
				GCC_PRECOMPILE_PREFIX_HEADER = YES;
				GCC_PREFIX_HEADER = "Camara/Camara-Prefix.pch";
				INFOPLIST_FILE = "CamaraTests/CamaraTests-Info.plist";
				PRODUCT_NAME = "$(TARGET_NAME)";
				TEST_HOST = "$(BUNDLE_LOADER)";
				WRAPPER_EXTENSION = xctest;
			};
			name = Release;
		};
/* End XCBuildConfiguration section */

/* Begin XCConfigurationList section */
		F8798D0119BDF55000C43323 /* Build configuration list for PBXProject "Camara" */ = {
			isa = XCConfigurationList;
			buildConfigurations = (
				F8798D3619BDF55000C43323 /* Debug */,
				F8798D3719BDF55000C43323 /* Release */,
			);
			defaultConfigurationIsVisible = 0;
			defaultConfigurationName = Release;
		};
		F8798D3819BDF55000C43323 /* Build configuration list for PBXNativeTarget "Camara" */ = {
			isa = XCConfigurationList;
			buildConfigurations = (
				F8798D3919BDF55000C43323 /* Debug */,
				F8798D3A19BDF55000C43323 /* Release */,
			);
			defaultConfigurationIsVisible = 0;
		};
		F8798D3B19BDF55000C43323 /* Build configuration list for PBXNativeTarget "CamaraTests" */ = {
			isa = XCConfigurationList;
			buildConfigurations = (
				F8798D3C19BDF55000C43323 /* Debug */,
				F8798D3D19BDF55000C43323 /* Release */,
			);
			defaultConfigurationIsVisible = 0;
		};
/* End XCConfigurationList section */
	};
	rootObject = F8798CFE19BDF55000C43323 /* Project object */;
}
